
Microsoft Visual Studio Solution File, Format Version 12.00
# Visual Studio Version 17
VisualStudioVersion = 17.12.35323.107
MinimumVisualStudioVersion = 10.0.40219.1
Project("{FAE04EC0-301F-11D3-BF4B-00C04F79EFBC}") = "CSharpEgitimKampi501", "CSharpEgitimKampi501\CSharpEgitimKampi501.csproj", "{6852183D-7733-40EE-83B7-947506B64940}"
EndProject
Global
	GlobalSection(SolutionConfigurationPlatforms) = preSolution
		Debug|Any CPU = Debug|Any CPU
		Release|Any CPU = Release|Any CPU
	EndGlobalSection
	GlobalSection(ProjectConfigurationPlatforms) = postSolution
		{6852183D-7733-40EE-83B7-947506B64940}.Debug|Any CPU.ActiveCfg = Debug|Any CPU
		{6852183D-7733-40EE-83B7-947506B64940}.Debug|Any CPU.Build.0 = Debug|Any CPU
		{6852183D-7733-40EE-83B7-947506B64940}.Release|Any CPU.ActiveCfg = Release|Any CPU
		{6852183D-7733-40EE-83B7-947506B64940}.Release|Any CPU.Build.0 = Release|Any CPU
	EndGlobalSection
	GlobalSection(SolutionProperties) = preSolution
		HideSolutionNode = FALSE
	EndGlobalSection
	GlobalSection(ExtensibilityGlobals) = postSolution
		SolutionGuid = {645A50AA-BA6E-4E03-866F-D64D9F2EB87E}
	EndGlobalSection
EndGlobal
